// !$*UTF8*$!
{
	archiveVersion = 1;
	classes = {
	};
	objectVersion = 56;
	objects = {

/* Begin PBXBuildFile section */
		44A4DF122C9DC1FF00EEFD4C /* AppDelegate.swift in Sources */ = {isa = PBXBuildFile; fileRef = 44A4DF112C9DC1FF00EEFD4C /* AppDelegate.swift */; };
		44A4DF142C9DC1FF00EEFD4C /* SceneDelegate.swift in Sources */ = {isa = PBXBuildFile; fileRef = 44A4DF132C9DC1FF00EEFD4C /* SceneDelegate.swift */; };
		44A4DF162C9DC1FF00EEFD4C /* ViewController.swift in Sources */ = {isa = PBXBuildFile; fileRef = 44A4DF152C9DC1FF00EEFD4C /* ViewController.swift */; };
		44A4DF192C9DC1FF00EEFD4C /* Base in Resources */ = {isa = PBXBuildFile; fileRef = 44A4DF182C9DC1FF00EEFD4C /* Base */; };
		44A4DF1B2C9DC20300EEFD4C /* Assets.xcassets in Resources */ = {isa = PBXBuildFile; fileRef = 44A4DF1A2C9DC20300EEFD4C /* Assets.xcassets */; };
		44A4DF1E2C9DC20300EEFD4C /* Base in Resources */ = {isa = PBXBuildFile; fileRef = 44A4DF1D2C9DC20300EEFD4C /* Base */; };
		44A4DF272C9DC23300EEFD4C /* Model.swift in Sources */ = {isa = PBXBuildFile; fileRef = 44A4DF262C9DC23300EEFD4C /* Model.swift */; };
		44A4DF2B2C9DC4D000EEFD4C /* APIManager.swift in Sources */ = {isa = PBXBuildFile; fileRef = 44A4DF2A2C9DC4D000EEFD4C /* APIManager.swift */; };
		44A4DF2D2C9DC7C200EEFD4C /* MyViewModel.swift in Sources */ = {isa = PBXBuildFile; fileRef = 44A4DF2C2C9DC7C200EEFD4C /* MyViewModel.swift */; };
		44A4DF312C9DC8DE00EEFD4C /* ApiUrl.swift in Sources */ = {isa = PBXBuildFile; fileRef = 44A4DF302C9DC8DE00EEFD4C /* ApiUrl.swift */; };
		44A4DF342C9DDC7000EEFD4C /* CustomCell.swift in Sources */ = {isa = PBXBuildFile; fileRef = 44A4DF332C9DDC7000EEFD4C /* CustomCell.swift */; };
		44A4DF362C9DE9C200EEFD4C /* Movie.swift in Sources */ = {isa = PBXBuildFile; fileRef = 44A4DF352C9DE9C200EEFD4C /* Movie.swift */; };
		44A4DF382C9DF06000EEFD4C /* MovieCell.swift in Sources */ = {isa = PBXBuildFile; fileRef = 44A4DF372C9DF06000EEFD4C /* MovieCell.swift */; };
		44A4DF3A2C9DF43E00EEFD4C /* MovieViewController.swift in Sources */ = {isa = PBXBuildFile; fileRef = 44A4DF392C9DF43E00EEFD4C /* MovieViewController.swift */; };
		44A4DF3C2C9DF45C00EEFD4C /* MovieViewModel.swift in Sources */ = {isa = PBXBuildFile; fileRef = 44A4DF3B2C9DF45C00EEFD4C /* MovieViewModel.swift */; };
		44A4DF402C9E154600EEFD4C /* Trade.swift in Sources */ = {isa = PBXBuildFile; fileRef = 44A4DF3F2C9E154600EEFD4C /* Trade.swift */; };
		44A4DF422C9E156600EEFD4C /* TradeCell.swift in Sources */ = {isa = PBXBuildFile; fileRef = 44A4DF412C9E156600EEFD4C /* TradeCell.swift */; };
		44A4DF442C9E20E100EEFD4C /* TradeViewController.swift in Sources */ = {isa = PBXBuildFile; fileRef = 44A4DF432C9E20E100EEFD4C /* TradeViewController.swift */; };
		44A4DF462C9E212500EEFD4C /* TradeViewModel.swift in Sources */ = {isa = PBXBuildFile; fileRef = 44A4DF452C9E212500EEFD4C /* TradeViewModel.swift */; };
/* End PBXBuildFile section */

/* Begin PBXFileReference section */
		44A4DF0E2C9DC1FF00EEFD4C /* DisplayDataFromAPI.app */ = {isa = PBXFileReference; explicitFileType = wrapper.application; includeInIndex = 0; path = DisplayDataFromAPI.app; sourceTree = BUILT_PRODUCTS_DIR; };
		44A4DF112C9DC1FF00EEFD4C /* AppDelegate.swift */ = {isa = PBXFileReference; lastKnownFileType = sourcecode.swift; path = AppDelegate.swift; sourceTree = "<group>"; };
		44A4DF132C9DC1FF00EEFD4C /* SceneDelegate.swift */ = {isa = PBXFileReference; lastKnownFileType = sourcecode.swift; path = SceneDelegate.swift; sourceTree = "<group>"; };
		44A4DF152C9DC1FF00EEFD4C /* ViewController.swift */ = {isa = PBXFileReference; lastKnownFileType = sourcecode.swift; path = ViewController.swift; sourceTree = "<group>"; };
		44A4DF182C9DC1FF00EEFD4C /* Base */ = {isa = PBXFileReference; lastKnownFileType = file.storyboard; name = Base; path = Base.lproj/Main.storyboard; sourceTree = "<group>"; };
		44A4DF1A2C9DC20300EEFD4C /* Assets.xcassets */ = {isa = PBXFileReference; lastKnownFileType = folder.assetcatalog; path = Assets.xcassets; sourceTree = "<group>"; };
		44A4DF1D2C9DC20300EEFD4C /* Base */ = {isa = PBXFileReference; lastKnownFileType = file.storyboard; name = Base; path = Base.lproj/LaunchScreen.storyboard; sourceTree = "<group>"; };
		44A4DF1F2C9DC20300EEFD4C /* Info.plist */ = {isa = PBXFileReference; lastKnownFileType = text.plist.xml; path = Info.plist; sourceTree = "<group>"; };
		44A4DF262C9DC23300EEFD4C /* Model.swift */ = {isa = PBXFileReference; lastKnownFileType = sourcecode.swift; path = Model.swift; sourceTree = "<group>"; };
		44A4DF2A2C9DC4D000EEFD4C /* APIManager.swift */ = {isa = PBXFileReference; lastKnownFileType = sourcecode.swift; path = APIManager.swift; sourceTree = "<group>"; };
		44A4DF2C2C9DC7C200EEFD4C /* MyViewModel.swift */ = {isa = PBXFileReference; lastKnownFileType = sourcecode.swift; path = MyViewModel.swift; sourceTree = "<group>"; };
		44A4DF302C9DC8DE00EEFD4C /* ApiUrl.swift */ = {isa = PBXFileReference; lastKnownFileType = sourcecode.swift; path = ApiUrl.swift; sourceTree = "<group>"; };
		44A4DF332C9DDC7000EEFD4C /* CustomCell.swift */ = {isa = PBXFileReference; lastKnownFileType = sourcecode.swift; path = CustomCell.swift; sourceTree = "<group>"; };
		44A4DF352C9DE9C200EEFD4C /* Movie.swift */ = {isa = PBXFileReference; lastKnownFileType = sourcecode.swift; path = Movie.swift; sourceTree = "<group>"; };
		44A4DF372C9DF06000EEFD4C /* MovieCell.swift */ = {isa = PBXFileReference; lastKnownFileType = sourcecode.swift; path = MovieCell.swift; sourceTree = "<group>"; };
		44A4DF392C9DF43E00EEFD4C /* MovieViewController.swift */ = {isa = PBXFileReference; lastKnownFileType = sourcecode.swift; path = MovieViewController.swift; sourceTree = "<group>"; };
		44A4DF3B2C9DF45C00EEFD4C /* MovieViewModel.swift */ = {isa = PBXFileReference; lastKnownFileType = sourcecode.swift; path = MovieViewModel.swift; sourceTree = "<group>"; };
		44A4DF3F2C9E154600EEFD4C /* Trade.swift */ = {isa = PBXFileReference; lastKnownFileType = sourcecode.swift; path = Trade.swift; sourceTree = "<group>"; };
		44A4DF412C9E156600EEFD4C /* TradeCell.swift */ = {isa = PBXFileReference; lastKnownFileType = sourcecode.swift; path = TradeCell.swift; sourceTree = "<group>"; };
		44A4DF432C9E20E100EEFD4C /* TradeViewController.swift */ = {isa = PBXFileReference; lastKnownFileType = sourcecode.swift; path = TradeViewController.swift; sourceTree = "<group>"; };
		44A4DF452C9E212500EEFD4C /* TradeViewModel.swift */ = {isa = PBXFileReference; lastKnownFileType = sourcecode.swift; path = TradeViewModel.swift; sourceTree = "<group>"; };
/* End PBXFileReference section */

/* Begin PBXFrameworksBuildPhase section */
		44A4DF0B2C9DC1FF00EEFD4C /* Frameworks */ = {
			isa = PBXFrameworksBuildPhase;
			buildActionMask = 2147483647;
			files = (
			);
			runOnlyForDeploymentPostprocessing = 0;
		};
/* End PBXFrameworksBuildPhase section */

/* Begin PBXGroup section */
		44A4DF052C9DC1FF00EEFD4C = {
			isa = PBXGroup;
			children = (
				44A4DF102C9DC1FF00EEFD4C /* DisplayDataFromAPI */,
				44A4DF0F2C9DC1FF00EEFD4C /* Products */,
			);
			sourceTree = "<group>";
		};
		44A4DF0F2C9DC1FF00EEFD4C /* Products */ = {
			isa = PBXGroup;
			children = (
				44A4DF0E2C9DC1FF00EEFD4C /* DisplayDataFromAPI.app */,
			);
			name = Products;
			sourceTree = "<group>";
		};
		44A4DF102C9DC1FF00EEFD4C /* DisplayDataFromAPI */ = {
			isa = PBXGroup;
			children = (
				44A4DF2F2C9DC8CC00EEFD4C /* Constants */,
				44A4DF2E2C9DC7CA00EEFD4C /* ViewModel */,
				44A4DF292C9DC4BD00EEFD4C /* Networing */,
				44A4DF282C9DC4A000EEFD4C /* View */,
				44A4DF252C9DC20F00EEFD4C /* DataModel */,
				44A4DF112C9DC1FF00EEFD4C /* AppDelegate.swift */,
				44A4DF132C9DC1FF00EEFD4C /* SceneDelegate.swift */,
				44A4DF1A2C9DC20300EEFD4C /* Assets.xcassets */,
				44A4DF1C2C9DC20300EEFD4C /* LaunchScreen.storyboard */,
				44A4DF1F2C9DC20300EEFD4C /* Info.plist */,
			);
			path = DisplayDataFromAPI;
			sourceTree = "<group>";
		};
		44A4DF252C9DC20F00EEFD4C /* DataModel */ = {
			isa = PBXGroup;
			children = (
				44A4DF3F2C9E154600EEFD4C /* Trade.swift */,
				44A4DF262C9DC23300EEFD4C /* Model.swift */,
				44A4DF352C9DE9C200EEFD4C /* Movie.swift */,
			);
			path = DataModel;
			sourceTree = "<group>";
		};
		44A4DF282C9DC4A000EEFD4C /* View */ = {
			isa = PBXGroup;
			children = (
				44A4DF322C9DDC4A00EEFD4C /* CustomCells */,
				44A4DF152C9DC1FF00EEFD4C /* ViewController.swift */,
				44A4DF172C9DC1FF00EEFD4C /* Main.storyboard */,
				44A4DF392C9DF43E00EEFD4C /* MovieViewController.swift */,
				44A4DF432C9E20E100EEFD4C /* TradeViewController.swift */,
			);
			path = View;
			sourceTree = "<group>";
		};
		44A4DF292C9DC4BD00EEFD4C /* Networing */ = {
			isa = PBXGroup;
			children = (
				44A4DF2A2C9DC4D000EEFD4C /* APIManager.swift */,
			);
			path = Networing;
			sourceTree = "<group>";
		};
		44A4DF2E2C9DC7CA00EEFD4C /* ViewModel */ = {
			isa = PBXGroup;
			children = (
				44A4DF2C2C9DC7C200EEFD4C /* MyViewModel.swift */,
				44A4DF3B2C9DF45C00EEFD4C /* MovieViewModel.swift */,
				44A4DF452C9E212500EEFD4C /* TradeViewModel.swift */,
			);
			path = ViewModel;
			sourceTree = "<group>";
		};
		44A4DF2F2C9DC8CC00EEFD4C /* Constants */ = {
			isa = PBXGroup;
			children = (
				44A4DF302C9DC8DE00EEFD4C /* ApiUrl.swift */,
			);
			path = Constants;
			sourceTree = "<group>";
		};
		44A4DF322C9DDC4A00EEFD4C /* CustomCells */ = {
			isa = PBXGroup;
			children = (
				44A4DF332C9DDC7000EEFD4C /* CustomCell.swift */,
				44A4DF372C9DF06000EEFD4C /* MovieCell.swift */,
				44A4DF412C9E156600EEFD4C /* TradeCell.swift */,
			);
			path = CustomCells;
			sourceTree = "<group>";
		};
/* End PBXGroup section */

/* Begin PBXNativeTarget section */
		44A4DF0D2C9DC1FF00EEFD4C /* DisplayDataFromAPI */ = {
			isa = PBXNativeTarget;
			buildConfigurationList = 44A4DF222C9DC20300EEFD4C /* Build configuration list for PBXNativeTarget "DisplayDataFromAPI" */;
			buildPhases = (
				44A4DF0A2C9DC1FF00EEFD4C /* Sources */,
				44A4DF0B2C9DC1FF00EEFD4C /* Frameworks */,
				44A4DF0C2C9DC1FF00EEFD4C /* Resources */,
			);
			buildRules = (
			);
			dependencies = (
			);
			name = DisplayDataFromAPI;
			productName = DisplayDataFromAPI;
			productReference = 44A4DF0E2C9DC1FF00EEFD4C /* DisplayDataFromAPI.app */;
			productType = "com.apple.product-type.application";
		};
/* End PBXNativeTarget section */

/* Begin PBXProject section */
		44A4DF062C9DC1FF00EEFD4C /* Project object */ = {
			isa = PBXProject;
			attributes = {
				BuildIndependentTargetsInParallel = 1;
				LastSwiftUpdateCheck = 1540;
				LastUpgradeCheck = 1540;
				TargetAttributes = {
					44A4DF0D2C9DC1FF00EEFD4C = {
						CreatedOnToolsVersion = 15.4;
					};
				};
			};
			buildConfigurationList = 44A4DF092C9DC1FF00EEFD4C /* Build configuration list for PBXProject "DisplayDataFromAPI" */;
			compatibilityVersion = "Xcode 14.0";
			developmentRegion = en;
			hasScannedForEncodings = 0;
			knownRegions = (
				en,
				Base,
			);
			mainGroup = 44A4DF052C9DC1FF00EEFD4C;
			productRefGroup = 44A4DF0F2C9DC1FF00EEFD4C /* Products */;
			projectDirPath = "";
			projectRoot = "";
			targets = (
				44A4DF0D2C9DC1FF00EEFD4C /* DisplayDataFromAPI */,
			);
		};
/* End PBXProject section */

/* Begin PBXResourcesBuildPhase section */
		44A4DF0C2C9DC1FF00EEFD4C /* Resources */ = {
			isa = PBXResourcesBuildPhase;
			buildActionMask = 2147483647;
			files = (
				44A4DF1B2C9DC20300EEFD4C /* Assets.xcassets in Resources */,
				44A4DF1E2C9DC20300EEFD4C /* Base in Resources */,
				44A4DF192C9DC1FF00EEFD4C /* Base in Resources */,
			);
			runOnlyForDeploymentPostprocessing = 0;
		};
/* End PBXResourcesBuildPhase section */

/* Begin PBXSourcesBuildPhase section */
		44A4DF0A2C9DC1FF00EEFD4C /* Sources */ = {
			isa = PBXSourcesBuildPhase;
			buildActionMask = 2147483647;
			files = (
				44A4DF162C9DC1FF00EEFD4C /* ViewController.swift in Sources */,
				44A4DF312C9DC8DE00EEFD4C /* ApiUrl.swift in Sources */,
				44A4DF3A2C9DF43E00EEFD4C /* MovieViewController.swift in Sources */,
				44A4DF442C9E20E100EEFD4C /* TradeViewController.swift in Sources */,
				44A4DF362C9DE9C200EEFD4C /* Movie.swift in Sources */,
				44A4DF122C9DC1FF00EEFD4C /* AppDelegate.swift in Sources */,
				44A4DF2B2C9DC4D000EEFD4C /* APIManager.swift in Sources */,
				44A4DF142C9DC1FF00EEFD4C /* SceneDelegate.swift in Sources */,
				44A4DF2D2C9DC7C200EEFD4C /* MyViewModel.swift in Sources */,
				44A4DF422C9E156600EEFD4C /* TradeCell.swift in Sources */,
				44A4DF342C9DDC7000EEFD4C /* CustomCell.swift in Sources */,
				44A4DF462C9E212500EEFD4C /* TradeViewModel.swift in Sources */,
				44A4DF382C9DF06000EEFD4C /* MovieCell.swift in Sources */,
				44A4DF402C9E154600EEFD4C /* Trade.swift in Sources */,
				44A4DF272C9DC23300EEFD4C /* Model.swift in Sources */,
				44A4DF3C2C9DF45C00EEFD4C /* MovieViewModel.swift in Sources */,
			);
			runOnlyForDeploymentPostprocessing = 0;
		};
/* End PBXSourcesBuildPhase section */

/* Begin PBXVariantGroup section */
		44A4DF172C9DC1FF00EEFD4C /* Main.storyboard */ = {
			isa = PBXVariantGroup;
			children = (
				44A4DF182C9DC1FF00EEFD4C /* Base */,
			);
			name = Main.storyboard;
			sourceTree = "<group>";
		};
		44A4DF1C2C9DC20300EEFD4C /* LaunchScreen.storyboard */ = {
			isa = PBXVariantGroup;
			children = (
				44A4DF1D2C9DC20300EEFD4C /* Base */,
			);
			name = LaunchScreen.storyboard;
			sourceTree = "<group>";
		};
/* End PBXVariantGroup section */

/* Begin XCBuildConfiguration section */
		44A4DF202C9DC20300EEFD4C /* Debug */ = {
			isa = XCBuildConfiguration;
			buildSettings = {
				ALWAYS_SEARCH_USER_PATHS = NO;
				ASSETCATALOG_COMPILER_GENERATE_SWIFT_ASSET_SYMBOL_EXTENSIONS = YES;
				CLANG_ANALYZER_NONNULL = YES;
				CLANG_ANALYZER_NUMBER_OBJECT_CONVERSION = YES_AGGRESSIVE;
				CLANG_CXX_LANGUAGE_STANDARD = "gnu++20";
				CLANG_ENABLE_MODULES = YES;
				CLANG_ENABLE_OBJC_ARC = YES;
				CLANG_ENABLE_OBJC_WEAK = YES;
				CLANG_WARN_BLOCK_CAPTURE_AUTORELEASING = YES;
				CLANG_WARN_BOOL_CONVERSION = YES;
				CLANG_WARN_COMMA = YES;
				CLANG_WARN_CONSTANT_CONVERSION = YES;
				CLANG_WARN_DEPRECATED_OBJC_IMPLEMENTATIONS = YES;
				CLANG_WARN_DIRECT_OBJC_ISA_USAGE = YES_ERROR;
				CLANG_WARN_DOCUMENTATION_COMMENTS = YES;
				CLANG_WARN_EMPTY_BODY = YES;
				CLANG_WARN_ENUM_CONVERSION = YES;
				CLANG_WARN_INFINITE_RECURSION = YES;
				CLANG_WARN_INT_CONVERSION = YES;
				CLANG_WARN_NON_LITERAL_NULL_CONVERSION = YES;
				CLANG_WARN_OBJC_IMPLICIT_RETAIN_SELF = YES;
				CLANG_WARN_OBJC_LITERAL_CONVERSION = YES;
				CLANG_WARN_OBJC_ROOT_CLASS = YES_ERROR;
				CLANG_WARN_QUOTED_INCLUDE_IN_FRAMEWORK_HEADER = YES;
				CLANG_WARN_RANGE_LOOP_ANALYSIS = YES;
				CLANG_WARN_STRICT_PROTOTYPES = YES;
				CLANG_WARN_SUSPICIOUS_MOVE = YES;
				CLANG_WARN_UNGUARDED_AVAILABILITY = YES_AGGRESSIVE;
				CLANG_WARN_UNREACHABLE_CODE = YES;
				CLANG_WARN__DUPLICATE_METHOD_MATCH = YES;
				COPY_PHASE_STRIP = NO;
				DEBUG_INFORMATION_FORMAT = dwarf;
				ENABLE_STRICT_OBJC_MSGSEND = YES;
				ENABLE_TESTABILITY = YES;
				ENABLE_USER_SCRIPT_SANDBOXING = YES;
				GCC_C_LANGUAGE_STANDARD = gnu17;
				GCC_DYNAMIC_NO_PIC = NO;
				GCC_NO_COMMON_BLOCKS = YES;
				GCC_OPTIMIZATION_LEVEL = 0;
				GCC_PREPROCESSOR_DEFINITIONS = (
					"DEBUG=1",
					"$(inherited)",
				);
				GCC_WARN_64_TO_32_BIT_CONVERSION = YES;
				GCC_WARN_ABOUT_RETURN_TYPE = YES_ERROR;
				GCC_WARN_UNDECLARED_SELECTOR = YES;
				GCC_WARN_UNINITIALIZED_AUTOS = YES_AGGRESSIVE;
				GCC_WARN_UNUSED_FUNCTION = YES;
				GCC_WARN_UNUSED_VARIABLE = YES;
				IPHONEOS_DEPLOYMENT_TARGET = 17.5;
				LOCALIZATION_PREFERS_STRING_CATALOGS = YES;
				MTL_ENABLE_DEBUG_INFO = INCLUDE_SOURCE;
				MTL_FAST_MATH = YES;
				ONLY_ACTIVE_ARCH = YES;
				SDKROOT = iphoneos;
				SWIFT_ACTIVE_COMPILATION_CONDITIONS = "DEBUG $(inherited)";
				SWIFT_OPTIMIZATION_LEVEL = "-Onone";
			};
			name = Debug;
		};
		44A4DF212C9DC20300EEFD4C /* Release */ = {
			isa = XCBuildConfiguration;
			buildSettings = {
				ALWAYS_SEARCH_USER_PATHS = NO;
				ASSETCATALOG_COMPILER_GENERATE_SWIFT_ASSET_SYMBOL_EXTENSIONS = YES;
				CLANG_ANALYZER_NONNULL = YES;
				CLANG_ANALYZER_NUMBER_OBJECT_CONVERSION = YES_AGGRESSIVE;
				CLANG_CXX_LANGUAGE_STANDARD = "gnu++20";
				CLANG_ENABLE_MODULES = YES;
				CLANG_ENABLE_OBJC_ARC = YES;
				CLANG_ENABLE_OBJC_WEAK = YES;
				CLANG_WARN_BLOCK_CAPTURE_AUTORELEASING = YES;
				CLANG_WARN_BOOL_CONVERSION = YES;
				CLANG_WARN_COMMA = YES;
				CLANG_WARN_CONSTANT_CONVERSION = YES;
				CLANG_WARN_DEPRECATED_OBJC_IMPLEMENTATIONS = YES;
				CLANG_WARN_DIRECT_OBJC_ISA_USAGE = YES_ERROR;
				CLANG_WARN_DOCUMENTATION_COMMENTS = YES;
				CLANG_WARN_EMPTY_BODY = YES;
				CLANG_WARN_ENUM_CONVERSION = YES;
				CLANG_WARN_INFINITE_RECURSION = YES;
				CLANG_WARN_INT_CONVERSION = YES;
				CLANG_WARN_NON_LITERAL_NULL_CONVERSION = YES;
				CLANG_WARN_OBJC_IMPLICIT_RETAIN_SELF = YES;
				CLANG_WARN_OBJC_LITERAL_CONVERSION = YES;
				CLANG_WARN_OBJC_ROOT_CLASS = YES_ERROR;
				CLANG_WARN_QUOTED_INCLUDE_IN_FRAMEWORK_HEADER = YES;
				CLANG_WARN_RANGE_LOOP_ANALYSIS = YES;
				CLANG_WARN_STRICT_PROTOTYPES = YES;
				CLANG_WARN_SUSPICIOUS_MOVE = YES;
				CLANG_WARN_UNGUARDED_AVAILABILITY = YES_AGGRESSIVE;
				CLANG_WARN_UNREACHABLE_CODE = YES;
				CLANG_WARN__DUPLICATE_METHOD_MATCH = YES;
				COPY_PHASE_STRIP = NO;
				DEBUG_INFORMATION_FORMAT = "dwarf-with-dsym";
				ENABLE_NS_ASSERTIONS = NO;
				ENABLE_STRICT_OBJC_MSGSEND = YES;
				ENABLE_USER_SCRIPT_SANDBOXING = YES;
				GCC_C_LANGUAGE_STANDARD = gnu17;
				GCC_NO_COMMON_BLOCKS = YES;
				GCC_WARN_64_TO_32_BIT_CONVERSION = YES;
				GCC_WARN_ABOUT_RETURN_TYPE = YES_ERROR;
				GCC_WARN_UNDECLARED_SELECTOR = YES;
				GCC_WARN_UNINITIALIZED_AUTOS = YES_AGGRESSIVE;
				GCC_WARN_UNUSED_FUNCTION = YES;
				GCC_WARN_UNUSED_VARIABLE = YES;
				IPHONEOS_DEPLOYMENT_TARGET = 17.5;
				LOCALIZATION_PREFERS_STRING_CATALOGS = YES;
				MTL_ENABLE_DEBUG_INFO = NO;
				MTL_FAST_MATH = YES;
				SDKROOT = iphoneos;
				SWIFT_COMPILATION_MODE = wholemodule;
				VALIDATE_PRODUCT = YES;
			};
			name = Release;
		};
		44A4DF232C9DC20300EEFD4C /* Debug */ = {
			isa = XCBuildConfiguration;
			buildSettings = {
				ASSETCATALOG_COMPILER_APPICON_NAME = AppIcon;
				ASSETCATALOG_COMPILER_GLOBAL_ACCENT_COLOR_NAME = AccentColor;
				CODE_SIGN_STYLE = Automatic;
				CURRENT_PROJECT_VERSION = 1;
				GENERATE_INFOPLIST_FILE = YES;
				INFOPLIST_FILE = DisplayDataFromAPI/Info.plist;
				INFOPLIST_KEY_UIApplicationSupportsIndirectInputEvents = YES;
				INFOPLIST_KEY_UILaunchStoryboardName = LaunchScreen;
				INFOPLIST_KEY_UIMainStoryboardFile = Main;
				INFOPLIST_KEY_UISupportedInterfaceOrientations_iPad = "UIInterfaceOrientationPortrait UIInterfaceOrientationPortraitUpsideDown UIInterfaceOrientationLandscapeLeft UIInterfaceOrientationLandscapeRight";
				INFOPLIST_KEY_UISupportedInterfaceOrientations_iPhone = "UIInterfaceOrientationPortrait UIInterfaceOrientationLandscapeLeft UIInterfaceOrientationLandscapeRight";
				LD_RUNPATH_SEARCH_PATHS = (
					"$(inherited)",
					"@executable_path/Frameworks",
				);
				MARKETING_VERSION = 1.0;
				PRODUCT_BUNDLE_IDENTIFIER = toto.DisplayDataFromAPI;
				PRODUCT_NAME = "$(TARGET_NAME)";
				SWIFT_EMIT_LOC_STRINGS = YES;
				SWIFT_VERSION = 5.0;
				TARGETED_DEVICE_FAMILY = "1,2";
			};
			name = Debug;
		};
		44A4DF242C9DC20300EEFD4C /* Release */ = {
			isa = XCBuildConfiguration;
			buildSettings = {
				ASSETCATALOG_COMPILER_APPICON_NAME = AppIcon;
				ASSETCATALOG_COMPILER_GLOBAL_ACCENT_COLOR_NAME = AccentColor;
				CODE_SIGN_STYLE = Automatic;
				CURRENT_PROJECT_VERSION = 1;
				GENERATE_INFOPLIST_FILE = YES;
				INFOPLIST_FILE = DisplayDataFromAPI/Info.plist;
				INFOPLIST_KEY_UIApplicationSupportsIndirectInputEvents = YES;
				INFOPLIST_KEY_UILaunchStoryboardName = LaunchScreen;
				INFOPLIST_KEY_UIMainStoryboardFile = Main;
				INFOPLIST_KEY_UISupportedInterfaceOrientations_iPad = "UIInterfaceOrientationPortrait UIInterfaceOrientationPortraitUpsideDown UIInterfaceOrientationLandscapeLeft UIInterfaceOrientationLandscapeRight";
				INFOPLIST_KEY_UISupportedInterfaceOrientations_iPhone = "UIInterfaceOrientationPortrait UIInterfaceOrientationLandscapeLeft UIInterfaceOrientationLandscapeRight";
				LD_RUNPATH_SEARCH_PATHS = (
					"$(inherited)",
					"@executable_path/Frameworks",
				);
				MARKETING_VERSION = 1.0;
				PRODUCT_BUNDLE_IDENTIFIER = toto.DisplayDataFromAPI;
				PRODUCT_NAME = "$(TARGET_NAME)";
				SWIFT_EMIT_LOC_STRINGS = YES;
				SWIFT_VERSION = 5.0;
				TARGETED_DEVICE_FAMILY = "1,2";
			};
			name = Release;
		};
/* End XCBuildConfiguration section */

/* Begin XCConfigurationList section */
		44A4DF092C9DC1FF00EEFD4C /* Build configuration list for PBXProject "DisplayDataFromAPI" */ = {
			isa = XCConfigurationList;
			buildConfigurations = (
				44A4DF202C9DC20300EEFD4C /* Debug */,
				44A4DF212C9DC20300EEFD4C /* Release */,
			);
			defaultConfigurationIsVisible = 0;
			defaultConfigurationName = Release;
		};
		44A4DF222C9DC20300EEFD4C /* Build configuration list for PBXNativeTarget "DisplayDataFromAPI" */ = {
			isa = XCConfigurationList;
			buildConfigurations = (
				44A4DF232C9DC20300EEFD4C /* Debug */,
				44A4DF242C9DC20300EEFD4C /* Release */,
			);
			defaultConfigurationIsVisible = 0;
			defaultConfigurationName = Release;
		};
/* End XCConfigurationList section */
	};
	rootObject = 44A4DF062C9DC1FF00EEFD4C /* Project object */;
}
