// !$*UTF8*$!
{
	archiveVersion = 1;
	classes = {
	};
	objectVersion = 56;
	objects = {

/* Begin PBXBuildFile section */
		44A4DEC82C9A72F400EEFD4C /* MovieCell.swift in Sources */ = {isa = PBXBuildFile; fileRef = 44A4DEC72C9A72F400EEFD4C /* MovieCell.swift */; };
		44A4DECA2C9B33A700EEFD4C /* LibraryModel.swift in Sources */ = {isa = PBXBuildFile; fileRef = 44A4DEC92C9B33A700EEFD4C /* LibraryModel.swift */; };
		44CDDC9C2C99DC2200EB353F /* AppDelegate.swift in Sources */ = {isa = PBXBuildFile; fileRef = 44CDDC9B2C99DC2200EB353F /* AppDelegate.swift */; };
		44CDDC9E2C99DC2200EB353F /* SceneDelegate.swift in Sources */ = {isa = PBXBuildFile; fileRef = 44CDDC9D2C99DC2200EB353F /* SceneDelegate.swift */; };
		44CDDCA02C99DC2200EB353F /* ViewController.swift in Sources */ = {isa = PBXBuildFile; fileRef = 44CDDC9F2C99DC2200EB353F /* ViewController.swift */; };
		44CDDCA32C99DC2200EB353F /* Base in Resources */ = {isa = PBXBuildFile; fileRef = 44CDDCA22C99DC2200EB353F /* Base */; };
		44CDDCA52C99DC2500EB353F /* Assets.xcassets in Resources */ = {isa = PBXBuildFile; fileRef = 44CDDCA42C99DC2500EB353F /* Assets.xcassets */; };
		44CDDCA82C99DC2500EB353F /* Base in Resources */ = {isa = PBXBuildFile; fileRef = 44CDDCA72C99DC2500EB353F /* Base */; };
		44CDDCB12C99DC7F00EB353F /* Weekday.swift in Sources */ = {isa = PBXBuildFile; fileRef = 44CDDCB02C99DC7F00EB353F /* Weekday.swift */; };
		44CDDCB42C99E35100EB353F /* DataModel.swift in Sources */ = {isa = PBXBuildFile; fileRef = 44CDDCB32C99E35100EB353F /* DataModel.swift */; };
		44CDDCB82C99E54800EB353F /* APIManager.swift in Sources */ = {isa = PBXBuildFile; fileRef = 44CDDCB72C99E54800EB353F /* APIManager.swift */; };
		44CDDCBB2C99E5A600EB353F /* APIModelView.swift in Sources */ = {isa = PBXBuildFile; fileRef = 44CDDCBA2C99E5A600EB353F /* APIModelView.swift */; };
		44CDDCBE2C99E5F800EB353F /* URLDataSource.swift in Sources */ = {isa = PBXBuildFile; fileRef = 44CDDCBD2C99E5F800EB353F /* URLDataSource.swift */; };
		44CDDCC12C99FD0900EB353F /* BatterCell.swift in Sources */ = {isa = PBXBuildFile; fileRef = 44CDDCC02C99FD0900EB353F /* BatterCell.swift */; };
		44CDDCC32C9A091300EB353F /* BatterType.swift in Sources */ = {isa = PBXBuildFile; fileRef = 44CDDCC22C9A091300EB353F /* BatterType.swift */; };
		44CDDCC52C9A178200EB353F /* Movie.swift in Sources */ = {isa = PBXBuildFile; fileRef = 44CDDCC42C9A178200EB353F /* Movie.swift */; };
/* End PBXBuildFile section */

/* Begin PBXFileReference section */
		44A4DEC72C9A72F400EEFD4C /* MovieCell.swift */ = {isa = PBXFileReference; lastKnownFileType = sourcecode.swift; path = MovieCell.swift; sourceTree = "<group>"; };
		44A4DEC92C9B33A700EEFD4C /* LibraryModel.swift */ = {isa = PBXFileReference; lastKnownFileType = sourcecode.swift; path = LibraryModel.swift; sourceTree = "<group>"; };
		44CDDC982C99DC2200EB353F /* Enums.app */ = {isa = PBXFileReference; explicitFileType = wrapper.application; includeInIndex = 0; path = Enums.app; sourceTree = BUILT_PRODUCTS_DIR; };
		44CDDC9B2C99DC2200EB353F /* AppDelegate.swift */ = {isa = PBXFileReference; lastKnownFileType = sourcecode.swift; path = AppDelegate.swift; sourceTree = "<group>"; };
		44CDDC9D2C99DC2200EB353F /* SceneDelegate.swift */ = {isa = PBXFileReference; lastKnownFileType = sourcecode.swift; path = SceneDelegate.swift; sourceTree = "<group>"; };
		44CDDC9F2C99DC2200EB353F /* ViewController.swift */ = {isa = PBXFileReference; lastKnownFileType = sourcecode.swift; path = ViewController.swift; sourceTree = "<group>"; };
		44CDDCA22C99DC2200EB353F /* Base */ = {isa = PBXFileReference; lastKnownFileType = file.storyboard; name = Base; path = Base.lproj/Main.storyboard; sourceTree = "<group>"; };
		44CDDCA42C99DC2500EB353F /* Assets.xcassets */ = {isa = PBXFileReference; lastKnownFileType = folder.assetcatalog; path = Assets.xcassets; sourceTree = "<group>"; };
		44CDDCA72C99DC2500EB353F /* Base */ = {isa = PBXFileReference; lastKnownFileType = file.storyboard; name = Base; path = Base.lproj/LaunchScreen.storyboard; sourceTree = "<group>"; };
		44CDDCA92C99DC2500EB353F /* Info.plist */ = {isa = PBXFileReference; lastKnownFileType = text.plist.xml; path = Info.plist; sourceTree = "<group>"; };
		44CDDCB02C99DC7F00EB353F /* Weekday.swift */ = {isa = PBXFileReference; lastKnownFileType = sourcecode.swift; path = Weekday.swift; sourceTree = "<group>"; };
		44CDDCB32C99E35100EB353F /* DataModel.swift */ = {isa = PBXFileReference; lastKnownFileType = sourcecode.swift; path = DataModel.swift; sourceTree = "<group>"; };
		44CDDCB72C99E54800EB353F /* APIManager.swift */ = {isa = PBXFileReference; lastKnownFileType = sourcecode.swift; path = APIManager.swift; sourceTree = "<group>"; };
		44CDDCBA2C99E5A600EB353F /* APIModelView.swift */ = {isa = PBXFileReference; lastKnownFileType = sourcecode.swift; path = APIModelView.swift; sourceTree = "<group>"; };
		44CDDCBD2C99E5F800EB353F /* URLDataSource.swift */ = {isa = PBXFileReference; lastKnownFileType = sourcecode.swift; path = URLDataSource.swift; sourceTree = "<group>"; };
		44CDDCC02C99FD0900EB353F /* BatterCell.swift */ = {isa = PBXFileReference; lastKnownFileType = sourcecode.swift; path = BatterCell.swift; sourceTree = "<group>"; };
		44CDDCC22C9A091300EB353F /* BatterType.swift */ = {isa = PBXFileReference; lastKnownFileType = sourcecode.swift; path = BatterType.swift; sourceTree = "<group>"; };
		44CDDCC42C9A178200EB353F /* Movie.swift */ = {isa = PBXFileReference; lastKnownFileType = sourcecode.swift; path = Movie.swift; sourceTree = "<group>"; };
/* End PBXFileReference section */

/* Begin PBXFrameworksBuildPhase section */
		44CDDC952C99DC2200EB353F /* Frameworks */ = {
			isa = PBXFrameworksBuildPhase;
			buildActionMask = 2147483647;
			files = (
			);
			runOnlyForDeploymentPostprocessing = 0;
		};
/* End PBXFrameworksBuildPhase section */

/* Begin PBXGroup section */
		44CDDC8F2C99DC2200EB353F = {
			isa = PBXGroup;
			children = (
				44CDDC9A2C99DC2200EB353F /* Enums */,
				44CDDC992C99DC2200EB353F /* Products */,
			);
			sourceTree = "<group>";
		};
		44CDDC992C99DC2200EB353F /* Products */ = {
			isa = PBXGroup;
			children = (
				44CDDC982C99DC2200EB353F /* Enums.app */,
			);
			name = Products;
			sourceTree = "<group>";
		};
		44CDDC9A2C99DC2200EB353F /* Enums */ = {
			isa = PBXGroup;
			children = (
				44CDDCBC2C99E5BC00EB353F /* SourceData */,
				44CDDCB92C99E56B00EB353F /* ModelView */,
				44CDDCB62C99E52A00EB353F /* Networking */,
				44CDDCB52C99E51600EB353F /* View */,
				44CDDCB22C99E32F00EB353F /* Model */,
				44CDDCAF2C99DC6900EB353F /* Constants */,
				44CDDC9B2C99DC2200EB353F /* AppDelegate.swift */,
				44CDDC9D2C99DC2200EB353F /* SceneDelegate.swift */,
				44CDDCA42C99DC2500EB353F /* Assets.xcassets */,
				44CDDCA62C99DC2500EB353F /* LaunchScreen.storyboard */,
				44CDDCA92C99DC2500EB353F /* Info.plist */,
			);
			path = Enums;
			sourceTree = "<group>";
		};
		44CDDCAF2C99DC6900EB353F /* Constants */ = {
			isa = PBXGroup;
			children = (
				44CDDCB02C99DC7F00EB353F /* Weekday.swift */,
				44CDDCC22C9A091300EB353F /* BatterType.swift */,
				44A4DEC92C9B33A700EEFD4C /* LibraryModel.swift */,
			);
			path = Constants;
			sourceTree = "<group>";
		};
		44CDDCB22C99E32F00EB353F /* Model */ = {
			isa = PBXGroup;
			children = (
				44CDDCB32C99E35100EB353F /* DataModel.swift */,
			);
			path = Model;
			sourceTree = "<group>";
		};
		44CDDCB52C99E51600EB353F /* View */ = {
			isa = PBXGroup;
			children = (
				44CDDCBF2C99FCE500EB353F /* UITableViewCells */,
				44CDDC9F2C99DC2200EB353F /* ViewController.swift */,
				44CDDCA12C99DC2200EB353F /* Main.storyboard */,
			);
			path = View;
			sourceTree = "<group>";
		};
		44CDDCB62C99E52A00EB353F /* Networking */ = {
			isa = PBXGroup;
			children = (
				44CDDCB72C99E54800EB353F /* APIManager.swift */,
			);
			path = Networking;
			sourceTree = "<group>";
		};
		44CDDCB92C99E56B00EB353F /* ModelView */ = {
			isa = PBXGroup;
			children = (
				44CDDCBA2C99E5A600EB353F /* APIModelView.swift */,
			);
			path = ModelView;
			sourceTree = "<group>";
		};
		44CDDCBC2C99E5BC00EB353F /* SourceData */ = {
			isa = PBXGroup;
			children = (
				44CDDCBD2C99E5F800EB353F /* URLDataSource.swift */,
				44CDDCC42C9A178200EB353F /* Movie.swift */,
			);
			path = SourceData;
			sourceTree = "<group>";
		};
		44CDDCBF2C99FCE500EB353F /* UITableViewCells */ = {
			isa = PBXGroup;
			children = (
				44CDDCC02C99FD0900EB353F /* BatterCell.swift */,
				44A4DEC72C9A72F400EEFD4C /* MovieCell.swift */,
			);
			path = UITableViewCells;
			sourceTree = "<group>";
		};
/* End PBXGroup section */

/* Begin PBXNativeTarget section */
		44CDDC972C99DC2200EB353F /* Enums */ = {
			isa = PBXNativeTarget;
			buildConfigurationList = 44CDDCAC2C99DC2500EB353F /* Build configuration list for PBXNativeTarget "Enums" */;
			buildPhases = (
				44CDDC942C99DC2200EB353F /* Sources */,
				44CDDC952C99DC2200EB353F /* Frameworks */,
				44CDDC962C99DC2200EB353F /* Resources */,
			);
			buildRules = (
			);
			dependencies = (
			);
			name = Enums;
			productName = Enums;
			productReference = 44CDDC982C99DC2200EB353F /* Enums.app */;
			productType = "com.apple.product-type.application";
		};
/* End PBXNativeTarget section */

/* Begin PBXProject section */
		44CDDC902C99DC2200EB353F /* Project object */ = {
			isa = PBXProject;
			attributes = {
				BuildIndependentTargetsInParallel = 1;
				LastSwiftUpdateCheck = 1540;
				LastUpgradeCheck = 1540;
				TargetAttributes = {
					44CDDC972C99DC2200EB353F = {
						CreatedOnToolsVersion = 15.4;
					};
				};
			};
			buildConfigurationList = 44CDDC932C99DC2200EB353F /* Build configuration list for PBXProject "Enums" */;
			compatibilityVersion = "Xcode 14.0";
			developmentRegion = en;
			hasScannedForEncodings = 0;
			knownRegions = (
				en,
				Base,
			);
			mainGroup = 44CDDC8F2C99DC2200EB353F;
			productRefGroup = 44CDDC992C99DC2200EB353F /* Products */;
			projectDirPath = "";
			projectRoot = "";
			targets = (
				44CDDC972C99DC2200EB353F /* Enums */,
			);
		};
/* End PBXProject section */

/* Begin PBXResourcesBuildPhase section */
		44CDDC962C99DC2200EB353F /* Resources */ = {
			isa = PBXResourcesBuildPhase;
			buildActionMask = 2147483647;
			files = (
				44CDDCA52C99DC2500EB353F /* Assets.xcassets in Resources */,
				44CDDCA82C99DC2500EB353F /* Base in Resources */,
				44CDDCA32C99DC2200EB353F /* Base in Resources */,
			);
			runOnlyForDeploymentPostprocessing = 0;
		};
/* End PBXResourcesBuildPhase section */

/* Begin PBXSourcesBuildPhase section */
		44CDDC942C99DC2200EB353F /* Sources */ = {
			isa = PBXSourcesBuildPhase;
			buildActionMask = 2147483647;
			files = (
				44CDDCB82C99E54800EB353F /* APIManager.swift in Sources */,
				44CDDCB42C99E35100EB353F /* DataModel.swift in Sources */,
				44A4DEC82C9A72F400EEFD4C /* MovieCell.swift in Sources */,
				44CDDCA02C99DC2200EB353F /* ViewController.swift in Sources */,
				44CDDC9C2C99DC2200EB353F /* AppDelegate.swift in Sources */,
				44A4DECA2C9B33A700EEFD4C /* LibraryModel.swift in Sources */,
				44CDDCC12C99FD0900EB353F /* BatterCell.swift in Sources */,
				44CDDCC32C9A091300EB353F /* BatterType.swift in Sources */,
				44CDDCB12C99DC7F00EB353F /* Weekday.swift in Sources */,
				44CDDC9E2C99DC2200EB353F /* SceneDelegate.swift in Sources */,
				44CDDCBB2C99E5A600EB353F /* APIModelView.swift in Sources */,
				44CDDCC52C9A178200EB353F /* Movie.swift in Sources */,
				44CDDCBE2C99E5F800EB353F /* URLDataSource.swift in Sources */,
			);
			runOnlyForDeploymentPostprocessing = 0;
		};
/* End PBXSourcesBuildPhase section */

/* Begin PBXVariantGroup section */
		44CDDCA12C99DC2200EB353F /* Main.storyboard */ = {
			isa = PBXVariantGroup;
			children = (
				44CDDCA22C99DC2200EB353F /* Base */,
			);
			name = Main.storyboard;
			sourceTree = "<group>";
		};
		44CDDCA62C99DC2500EB353F /* LaunchScreen.storyboard */ = {
			isa = PBXVariantGroup;
			children = (
				44CDDCA72C99DC2500EB353F /* Base */,
			);
			name = LaunchScreen.storyboard;
			sourceTree = "<group>";
		};
/* End PBXVariantGroup section */

/* Begin XCBuildConfiguration section */
		44CDDCAA2C99DC2500EB353F /* Debug */ = {
			isa = XCBuildConfiguration;
			buildSettings = {
				ALWAYS_SEARCH_USER_PATHS = NO;
				ASSETCATALOG_COMPILER_GENERATE_SWIFT_ASSET_SYMBOL_EXTENSIONS = YES;
				CLANG_ANALYZER_NONNULL = YES;
				CLANG_ANALYZER_NUMBER_OBJECT_CONVERSION = YES_AGGRESSIVE;
				CLANG_CXX_LANGUAGE_STANDARD = "gnu++20";
				CLANG_ENABLE_MODULES = YES;
				CLANG_ENABLE_OBJC_ARC = YES;
				CLANG_ENABLE_OBJC_WEAK = YES;
				CLANG_WARN_BLOCK_CAPTURE_AUTORELEASING = YES;
				CLANG_WARN_BOOL_CONVERSION = YES;
				CLANG_WARN_COMMA = YES;
				CLANG_WARN_CONSTANT_CONVERSION = YES;
				CLANG_WARN_DEPRECATED_OBJC_IMPLEMENTATIONS = YES;
				CLANG_WARN_DIRECT_OBJC_ISA_USAGE = YES_ERROR;
				CLANG_WARN_DOCUMENTATION_COMMENTS = YES;
				CLANG_WARN_EMPTY_BODY = YES;
				CLANG_WARN_ENUM_CONVERSION = YES;
				CLANG_WARN_INFINITE_RECURSION = YES;
				CLANG_WARN_INT_CONVERSION = YES;
				CLANG_WARN_NON_LITERAL_NULL_CONVERSION = YES;
				CLANG_WARN_OBJC_IMPLICIT_RETAIN_SELF = YES;
				CLANG_WARN_OBJC_LITERAL_CONVERSION = YES;
				CLANG_WARN_OBJC_ROOT_CLASS = YES_ERROR;
				CLANG_WARN_QUOTED_INCLUDE_IN_FRAMEWORK_HEADER = YES;
				CLANG_WARN_RANGE_LOOP_ANALYSIS = YES;
				CLANG_WARN_STRICT_PROTOTYPES = YES;
				CLANG_WARN_SUSPICIOUS_MOVE = YES;
				CLANG_WARN_UNGUARDED_AVAILABILITY = YES_AGGRESSIVE;
				CLANG_WARN_UNREACHABLE_CODE = YES;
				CLANG_WARN__DUPLICATE_METHOD_MATCH = YES;
				COPY_PHASE_STRIP = NO;
				DEBUG_INFORMATION_FORMAT = dwarf;
				ENABLE_STRICT_OBJC_MSGSEND = YES;
				ENABLE_TESTABILITY = YES;
				ENABLE_USER_SCRIPT_SANDBOXING = YES;
				GCC_C_LANGUAGE_STANDARD = gnu17;
				GCC_DYNAMIC_NO_PIC = NO;
				GCC_NO_COMMON_BLOCKS = YES;
				GCC_OPTIMIZATION_LEVEL = 0;
				GCC_PREPROCESSOR_DEFINITIONS = (
					"DEBUG=1",
					"$(inherited)",
				);
				GCC_WARN_64_TO_32_BIT_CONVERSION = YES;
				GCC_WARN_ABOUT_RETURN_TYPE = YES_ERROR;
				GCC_WARN_UNDECLARED_SELECTOR = YES;
				GCC_WARN_UNINITIALIZED_AUTOS = YES_AGGRESSIVE;
				GCC_WARN_UNUSED_FUNCTION = YES;
				GCC_WARN_UNUSED_VARIABLE = YES;
				IPHONEOS_DEPLOYMENT_TARGET = 17.5;
				LOCALIZATION_PREFERS_STRING_CATALOGS = YES;
				MTL_ENABLE_DEBUG_INFO = INCLUDE_SOURCE;
				MTL_FAST_MATH = YES;
				ONLY_ACTIVE_ARCH = YES;
				SDKROOT = iphoneos;
				SWIFT_ACTIVE_COMPILATION_CONDITIONS = "DEBUG $(inherited)";
				SWIFT_OPTIMIZATION_LEVEL = "-Onone";
			};
			name = Debug;
		};
		44CDDCAB2C99DC2500EB353F /* Release */ = {
			isa = XCBuildConfiguration;
			buildSettings = {
				ALWAYS_SEARCH_USER_PATHS = NO;
				ASSETCATALOG_COMPILER_GENERATE_SWIFT_ASSET_SYMBOL_EXTENSIONS = YES;
				CLANG_ANALYZER_NONNULL = YES;
				CLANG_ANALYZER_NUMBER_OBJECT_CONVERSION = YES_AGGRESSIVE;
				CLANG_CXX_LANGUAGE_STANDARD = "gnu++20";
				CLANG_ENABLE_MODULES = YES;
				CLANG_ENABLE_OBJC_ARC = YES;
				CLANG_ENABLE_OBJC_WEAK = YES;
				CLANG_WARN_BLOCK_CAPTURE_AUTORELEASING = YES;
				CLANG_WARN_BOOL_CONVERSION = YES;
				CLANG_WARN_COMMA = YES;
				CLANG_WARN_CONSTANT_CONVERSION = YES;
				CLANG_WARN_DEPRECATED_OBJC_IMPLEMENTATIONS = YES;
				CLANG_WARN_DIRECT_OBJC_ISA_USAGE = YES_ERROR;
				CLANG_WARN_DOCUMENTATION_COMMENTS = YES;
				CLANG_WARN_EMPTY_BODY = YES;
				CLANG_WARN_ENUM_CONVERSION = YES;
				CLANG_WARN_INFINITE_RECURSION = YES;
				CLANG_WARN_INT_CONVERSION = YES;
				CLANG_WARN_NON_LITERAL_NULL_CONVERSION = YES;
				CLANG_WARN_OBJC_IMPLICIT_RETAIN_SELF = YES;
				CLANG_WARN_OBJC_LITERAL_CONVERSION = YES;
				CLANG_WARN_OBJC_ROOT_CLASS = YES_ERROR;
				CLANG_WARN_QUOTED_INCLUDE_IN_FRAMEWORK_HEADER = YES;
				CLANG_WARN_RANGE_LOOP_ANALYSIS = YES;
				CLANG_WARN_STRICT_PROTOTYPES = YES;
				CLANG_WARN_SUSPICIOUS_MOVE = YES;
				CLANG_WARN_UNGUARDED_AVAILABILITY = YES_AGGRESSIVE;
				CLANG_WARN_UNREACHABLE_CODE = YES;
				CLANG_WARN__DUPLICATE_METHOD_MATCH = YES;
				COPY_PHASE_STRIP = NO;
				DEBUG_INFORMATION_FORMAT = "dwarf-with-dsym";
				ENABLE_NS_ASSERTIONS = NO;
				ENABLE_STRICT_OBJC_MSGSEND = YES;
				ENABLE_USER_SCRIPT_SANDBOXING = YES;
				GCC_C_LANGUAGE_STANDARD = gnu17;
				GCC_NO_COMMON_BLOCKS = YES;
				GCC_WARN_64_TO_32_BIT_CONVERSION = YES;
				GCC_WARN_ABOUT_RETURN_TYPE = YES_ERROR;
				GCC_WARN_UNDECLARED_SELECTOR = YES;
				GCC_WARN_UNINITIALIZED_AUTOS = YES_AGGRESSIVE;
				GCC_WARN_UNUSED_FUNCTION = YES;
				GCC_WARN_UNUSED_VARIABLE = YES;
				IPHONEOS_DEPLOYMENT_TARGET = 17.5;
				LOCALIZATION_PREFERS_STRING_CATALOGS = YES;
				MTL_ENABLE_DEBUG_INFO = NO;
				MTL_FAST_MATH = YES;
				SDKROOT = iphoneos;
				SWIFT_COMPILATION_MODE = wholemodule;
				VALIDATE_PRODUCT = YES;
			};
			name = Release;
		};
		44CDDCAD2C99DC2500EB353F /* Debug */ = {
			isa = XCBuildConfiguration;
			buildSettings = {
				ASSETCATALOG_COMPILER_APPICON_NAME = AppIcon;
				ASSETCATALOG_COMPILER_GLOBAL_ACCENT_COLOR_NAME = AccentColor;
				CODE_SIGN_STYLE = Automatic;
				CURRENT_PROJECT_VERSION = 1;
				GENERATE_INFOPLIST_FILE = YES;
				INFOPLIST_FILE = Enums/Info.plist;
				INFOPLIST_KEY_UIApplicationSupportsIndirectInputEvents = YES;
				INFOPLIST_KEY_UILaunchStoryboardName = LaunchScreen;
				INFOPLIST_KEY_UIMainStoryboardFile = Main;
				INFOPLIST_KEY_UISupportedInterfaceOrientations_iPad = "UIInterfaceOrientationPortrait UIInterfaceOrientationPortraitUpsideDown UIInterfaceOrientationLandscapeLeft UIInterfaceOrientationLandscapeRight";
				INFOPLIST_KEY_UISupportedInterfaceOrientations_iPhone = "UIInterfaceOrientationPortrait UIInterfaceOrientationLandscapeLeft UIInterfaceOrientationLandscapeRight";
				LD_RUNPATH_SEARCH_PATHS = (
					"$(inherited)",
					"@executable_path/Frameworks",
				);
				MARKETING_VERSION = 1.0;
				PRODUCT_BUNDLE_IDENTIFIER = toto.Enums;
				PRODUCT_NAME = "$(TARGET_NAME)";
				SWIFT_EMIT_LOC_STRINGS = YES;
				SWIFT_VERSION = 5.0;
				TARGETED_DEVICE_FAMILY = "1,2";
			};
			name = Debug;
		};
		44CDDCAE2C99DC2500EB353F /* Release */ = {
			isa = XCBuildConfiguration;
			buildSettings = {
				ASSETCATALOG_COMPILER_APPICON_NAME = AppIcon;
				ASSETCATALOG_COMPILER_GLOBAL_ACCENT_COLOR_NAME = AccentColor;
				CODE_SIGN_STYLE = Automatic;
				CURRENT_PROJECT_VERSION = 1;
				GENERATE_INFOPLIST_FILE = YES;
				INFOPLIST_FILE = Enums/Info.plist;
				INFOPLIST_KEY_UIApplicationSupportsIndirectInputEvents = YES;
				INFOPLIST_KEY_UILaunchStoryboardName = LaunchScreen;
				INFOPLIST_KEY_UIMainStoryboardFile = Main;
				INFOPLIST_KEY_UISupportedInterfaceOrientations_iPad = "UIInterfaceOrientationPortrait UIInterfaceOrientationPortraitUpsideDown UIInterfaceOrientationLandscapeLeft UIInterfaceOrientationLandscapeRight";
				INFOPLIST_KEY_UISupportedInterfaceOrientations_iPhone = "UIInterfaceOrientationPortrait UIInterfaceOrientationLandscapeLeft UIInterfaceOrientationLandscapeRight";
				LD_RUNPATH_SEARCH_PATHS = (
					"$(inherited)",
					"@executable_path/Frameworks",
				);
				MARKETING_VERSION = 1.0;
				PRODUCT_BUNDLE_IDENTIFIER = toto.Enums;
				PRODUCT_NAME = "$(TARGET_NAME)";
				SWIFT_EMIT_LOC_STRINGS = YES;
				SWIFT_VERSION = 5.0;
				TARGETED_DEVICE_FAMILY = "1,2";
			};
			name = Release;
		};
/* End XCBuildConfiguration section */

/* Begin XCConfigurationList section */
		44CDDC932C99DC2200EB353F /* Build configuration list for PBXProject "Enums" */ = {
			isa = XCConfigurationList;
			buildConfigurations = (
				44CDDCAA2C99DC2500EB353F /* Debug */,
				44CDDCAB2C99DC2500EB353F /* Release */,
			);
			defaultConfigurationIsVisible = 0;
			defaultConfigurationName = Release;
		};
		44CDDCAC2C99DC2500EB353F /* Build configuration list for PBXNativeTarget "Enums" */ = {
			isa = XCConfigurationList;
			buildConfigurations = (
				44CDDCAD2C99DC2500EB353F /* Debug */,
				44CDDCAE2C99DC2500EB353F /* Release */,
			);
			defaultConfigurationIsVisible = 0;
			defaultConfigurationName = Release;
		};
/* End XCConfigurationList section */
	};
	rootObject = 44CDDC902C99DC2200EB353F /* Project object */;
}
